
Microsoft Visual Studio Solution File, Format Version 11.00
# Visual Studio 2010
Project("{FAE04EC0-301F-11D3-BF4B-00C04F79EFBC}") = "test1", "test1\test1.csproj", "{939750AE-E6A5-4507-BDF1-8524414C6106}"
EndProject
Project("{FAE04EC0-301F-11D3-BF4B-00C04F79EFBC}") = "HControls", "HControls\HControls.csproj", "{E03C4189-CBCC-4A6F-9260-99314E341F3F}"
EndProject
Project("{FAE04EC0-301F-11D3-BF4B-00C04F79EFBC}") = "HForm", "HForm\HForm.csproj", "{3332EB82-5D3D-4594-AC50-F0F97589E0C4}"
EndProject
Global
	GlobalSection(SolutionConfigurationPlatforms) = preSolution
		Abubakr|Any CPU = Abubakr|Any CPU
		Abubakr|Mixed Platforms = Abubakr|Mixed Platforms
		Abubakr|x86 = Abubakr|x86
		Debug|Any CPU = Debug|Any CPU
		Debug|Mixed Platforms = Debug|Mixed Platforms
		Debug|x86 = Debug|x86
		gowad|Any CPU = gowad|Any CPU
		gowad|Mixed Platforms = gowad|Mixed Platforms
		gowad|x86 = gowad|x86
		hosam|Any CPU = hosam|Any CPU
		hosam|Mixed Platforms = hosam|Mixed Platforms
		hosam|x86 = hosam|x86
		hosam1|Any CPU = hosam1|Any CPU
		hosam1|Mixed Platforms = hosam1|Mixed Platforms
		hosam1|x86 = hosam1|x86
		hosam2|Any CPU = hosam2|Any CPU
		hosam2|Mixed Platforms = hosam2|Mixed Platforms
		hosam2|x86 = hosam2|x86
		hosam3|Any CPU = hosam3|Any CPU
		hosam3|Mixed Platforms = hosam3|Mixed Platforms
		hosam3|x86 = hosam3|x86
		hsh|Any CPU = hsh|Any CPU
		hsh|Mixed Platforms = hsh|Mixed Platforms
		hsh|x86 = hsh|x86
		Module|Any CPU = Module|Any CPU
		Module|Mixed Platforms = Module|Mixed Platforms
		Module|x86 = Module|x86
		Release|Any CPU = Release|Any CPU
		Release|Mixed Platforms = Release|Mixed Platforms
		Release|x86 = Release|x86
	EndGlobalSection
	GlobalSection(ProjectConfigurationPlatforms) = postSolution
		{939750AE-E6A5-4507-BDF1-8524414C6106}.Abubakr|Any CPU.ActiveCfg = Release|x86
		{939750AE-E6A5-4507-BDF1-8524414C6106}.Abubakr|Mixed Platforms.ActiveCfg = Release|x86
		{939750AE-E6A5-4507-BDF1-8524414C6106}.Abubakr|Mixed Platforms.Build.0 = Release|x86
		{939750AE-E6A5-4507-BDF1-8524414C6106}.Abubakr|x86.ActiveCfg = Release|x86
		{939750AE-E6A5-4507-BDF1-8524414C6106}.Abubakr|x86.Build.0 = Release|x86
		{939750AE-E6A5-4507-BDF1-8524414C6106}.Debug|Any CPU.ActiveCfg = Debug|x86
		{939750AE-E6A5-4507-BDF1-8524414C6106}.Debug|Mixed Platforms.ActiveCfg = Debug|x86
		{939750AE-E6A5-4507-BDF1-8524414C6106}.Debug|Mixed Platforms.Build.0 = Debug|x86
		{939750AE-E6A5-4507-BDF1-8524414C6106}.Debug|x86.ActiveCfg = Debug|x86
		{939750AE-E6A5-4507-BDF1-8524414C6106}.gowad|Any CPU.ActiveCfg = Release|x86
		{939750AE-E6A5-4507-BDF1-8524414C6106}.gowad|Mixed Platforms.ActiveCfg = Release|x86
		{939750AE-E6A5-4507-BDF1-8524414C6106}.gowad|Mixed Platforms.Build.0 = Release|x86
		{939750AE-E6A5-4507-BDF1-8524414C6106}.gowad|x86.ActiveCfg = Release|x86
		{939750AE-E6A5-4507-BDF1-8524414C6106}.gowad|x86.Build.0 = Release|x86
		{939750AE-E6A5-4507-BDF1-8524414C6106}.hosam|Any CPU.ActiveCfg = Release|x86
		{939750AE-E6A5-4507-BDF1-8524414C6106}.hosam|Mixed Platforms.ActiveCfg = Release|x86
		{939750AE-E6A5-4507-BDF1-8524414C6106}.hosam|Mixed Platforms.Build.0 = Release|x86
		{939750AE-E6A5-4507-BDF1-8524414C6106}.hosam|x86.ActiveCfg = Release|x86
		{939750AE-E6A5-4507-BDF1-8524414C6106}.hosam|x86.Build.0 = Release|x86
		{939750AE-E6A5-4507-BDF1-8524414C6106}.hosam1|Any CPU.ActiveCfg = Release|x86
		{939750AE-E6A5-4507-BDF1-8524414C6106}.hosam1|Mixed Platforms.ActiveCfg = Release|x86
		{939750AE-E6A5-4507-BDF1-8524414C6106}.hosam1|Mixed Platforms.Build.0 = Release|x86
		{939750AE-E6A5-4507-BDF1-8524414C6106}.hosam1|x86.ActiveCfg = Release|x86
		{939750AE-E6A5-4507-BDF1-8524414C6106}.hosam1|x86.Build.0 = Release|x86
		{939750AE-E6A5-4507-BDF1-8524414C6106}.hosam2|Any CPU.ActiveCfg = Release|x86
		{939750AE-E6A5-4507-BDF1-8524414C6106}.hosam2|Mixed Platforms.ActiveCfg = Release|x86
		{939750AE-E6A5-4507-BDF1-8524414C6106}.hosam2|Mixed Platforms.Build.0 = Release|x86
		{939750AE-E6A5-4507-BDF1-8524414C6106}.hosam2|x86.ActiveCfg = Release|x86
		{939750AE-E6A5-4507-BDF1-8524414C6106}.hosam2|x86.Build.0 = Release|x86
		{939750AE-E6A5-4507-BDF1-8524414C6106}.hosam3|Any CPU.ActiveCfg = Release|x86
		{939750AE-E6A5-4507-BDF1-8524414C6106}.hosam3|Mixed Platforms.ActiveCfg = Release|x86
		{939750AE-E6A5-4507-BDF1-8524414C6106}.hosam3|Mixed Platforms.Build.0 = Release|x86
		{939750AE-E6A5-4507-BDF1-8524414C6106}.hosam3|x86.ActiveCfg = Release|x86
		{939750AE-E6A5-4507-BDF1-8524414C6106}.hosam3|x86.Build.0 = Release|x86
		{939750AE-E6A5-4507-BDF1-8524414C6106}.hsh|Any CPU.ActiveCfg = Release|x86
		{939750AE-E6A5-4507-BDF1-8524414C6106}.hsh|Mixed Platforms.ActiveCfg = Release|x86
		{939750AE-E6A5-4507-BDF1-8524414C6106}.hsh|Mixed Platforms.Build.0 = Release|x86
		{939750AE-E6A5-4507-BDF1-8524414C6106}.hsh|x86.ActiveCfg = Release|x86
		{939750AE-E6A5-4507-BDF1-8524414C6106}.hsh|x86.Build.0 = Release|x86
		{939750AE-E6A5-4507-BDF1-8524414C6106}.Module|Any CPU.ActiveCfg = Release|x86
		{939750AE-E6A5-4507-BDF1-8524414C6106}.Module|Mixed Platforms.ActiveCfg = Release|x86
		{939750AE-E6A5-4507-BDF1-8524414C6106}.Module|Mixed Platforms.Build.0 = Release|x86
		{939750AE-E6A5-4507-BDF1-8524414C6106}.Module|x86.ActiveCfg = Release|x86
		{939750AE-E6A5-4507-BDF1-8524414C6106}.Module|x86.Build.0 = Release|x86
		{939750AE-E6A5-4507-BDF1-8524414C6106}.Release|Any CPU.ActiveCfg = Release|x86
		{939750AE-E6A5-4507-BDF1-8524414C6106}.Release|Mixed Platforms.ActiveCfg = Release|x86
		{939750AE-E6A5-4507-BDF1-8524414C6106}.Release|Mixed Platforms.Build.0 = Release|x86
		{939750AE-E6A5-4507-BDF1-8524414C6106}.Release|x86.ActiveCfg = Release|x86
		{939750AE-E6A5-4507-BDF1-8524414C6106}.Release|x86.Build.0 = Release|x86
		{E03C4189-CBCC-4A6F-9260-99314E341F3F}.Abubakr|Any CPU.ActiveCfg = Release|x86
		{E03C4189-CBCC-4A6F-9260-99314E341F3F}.Abubakr|Mixed Platforms.ActiveCfg = Release|x86
		{E03C4189-CBCC-4A6F-9260-99314E341F3F}.Abubakr|Mixed Platforms.Build.0 = Release|x86
		{E03C4189-CBCC-4A6F-9260-99314E341F3F}.Abubakr|x86.ActiveCfg = Release|x86
		{E03C4189-CBCC-4A6F-9260-99314E341F3F}.Abubakr|x86.Build.0 = Release|x86
		{E03C4189-CBCC-4A6F-9260-99314E341F3F}.Debug|Any CPU.ActiveCfg = Debug|x86
		{E03C4189-CBCC-4A6F-9260-99314E341F3F}.Debug|Mixed Platforms.ActiveCfg = Debug|x86
		{E03C4189-CBCC-4A6F-9260-99314E341F3F}.Debug|Mixed Platforms.Build.0 = Debug|x86
		{E03C4189-CBCC-4A6F-9260-99314E341F3F}.Debug|x86.ActiveCfg = Debug|x86
		{E03C4189-CBCC-4A6F-9260-99314E341F3F}.Debug|x86.Build.0 = Debug|x86
		{E03C4189-CBCC-4A6F-9260-99314E341F3F}.gowad|Any CPU.ActiveCfg = Release|x86
		{E03C4189-CBCC-4A6F-9260-99314E341F3F}.gowad|Mixed Platforms.ActiveCfg = Release|x86
		{E03C4189-CBCC-4A6F-9260-99314E341F3F}.gowad|Mixed Platforms.Build.0 = Release|x86
		{E03C4189-CBCC-4A6F-9260-99314E341F3F}.gowad|x86.ActiveCfg = Release|x86
		{E03C4189-CBCC-4A6F-9260-99314E341F3F}.gowad|x86.Build.0 = Release|x86
		{E03C4189-CBCC-4A6F-9260-99314E341F3F}.hosam|Any CPU.ActiveCfg = Release|x86
		{E03C4189-CBCC-4A6F-9260-99314E341F3F}.hosam|Mixed Platforms.ActiveCfg = Release|x86
		{E03C4189-CBCC-4A6F-9260-99314E341F3F}.hosam|Mixed Platforms.Build.0 = Release|x86
		{E03C4189-CBCC-4A6F-9260-99314E341F3F}.hosam|x86.ActiveCfg = Release|x86
		{E03C4189-CBCC-4A6F-9260-99314E341F3F}.hosam|x86.Build.0 = Release|x86
		{E03C4189-CBCC-4A6F-9260-99314E341F3F}.hosam1|Any CPU.ActiveCfg = Release|x86
		{E03C4189-CBCC-4A6F-9260-99314E341F3F}.hosam1|Mixed Platforms.ActiveCfg = Release|x86
		{E03C4189-CBCC-4A6F-9260-99314E341F3F}.hosam1|Mixed Platforms.Build.0 = Release|x86
		{E03C4189-CBCC-4A6F-9260-99314E341F3F}.hosam1|x86.ActiveCfg = Release|x86
		{E03C4189-CBCC-4A6F-9260-99314E341F3F}.hosam1|x86.Build.0 = Release|x86
		{E03C4189-CBCC-4A6F-9260-99314E341F3F}.hosam2|Any CPU.ActiveCfg = Release|x86
		{E03C4189-CBCC-4A6F-9260-99314E341F3F}.hosam2|Mixed Platforms.ActiveCfg = Release|x86
		{E03C4189-CBCC-4A6F-9260-99314E341F3F}.hosam2|Mixed Platforms.Build.0 = Release|x86
		{E03C4189-CBCC-4A6F-9260-99314E341F3F}.hosam2|x86.ActiveCfg = Release|x86
		{E03C4189-CBCC-4A6F-9260-99314E341F3F}.hosam2|x86.Build.0 = Release|x86
		{E03C4189-CBCC-4A6F-9260-99314E341F3F}.hosam3|Any CPU.ActiveCfg = Release|x86
		{E03C4189-CBCC-4A6F-9260-99314E341F3F}.hosam3|Mixed Platforms.ActiveCfg = Release|x86
		{E03C4189-CBCC-4A6F-9260-99314E341F3F}.hosam3|Mixed Platforms.Build.0 = Release|x86
		{E03C4189-CBCC-4A6F-9260-99314E341F3F}.hosam3|x86.ActiveCfg = Release|x86
		{E03C4189-CBCC-4A6F-9260-99314E341F3F}.hosam3|x86.Build.0 = Release|x86
		{E03C4189-CBCC-4A6F-9260-99314E341F3F}.hsh|Any CPU.ActiveCfg = Release|x86
		{E03C4189-CBCC-4A6F-9260-99314E341F3F}.hsh|Mixed Platforms.ActiveCfg = Release|x86
		{E03C4189-CBCC-4A6F-9260-99314E341F3F}.hsh|Mixed Platforms.Build.0 = Release|x86
		{E03C4189-CBCC-4A6F-9260-99314E341F3F}.hsh|x86.ActiveCfg = Release|x86
		{E03C4189-CBCC-4A6F-9260-99314E341F3F}.hsh|x86.Build.0 = Release|x86
		{E03C4189-CBCC-4A6F-9260-99314E341F3F}.Module|Any CPU.ActiveCfg = Release|x86
		{E03C4189-CBCC-4A6F-9260-99314E341F3F}.Module|Mixed Platforms.ActiveCfg = Release|x86
		{E03C4189-CBCC-4A6F-9260-99314E341F3F}.Module|Mixed Platforms.Build.0 = Release|x86
		{E03C4189-CBCC-4A6F-9260-99314E341F3F}.Module|x86.ActiveCfg = Release|x86
		{E03C4189-CBCC-4A6F-9260-99314E341F3F}.Module|x86.Build.0 = Release|x86
		{E03C4189-CBCC-4A6F-9260-99314E341F3F}.Release|Any CPU.ActiveCfg = Release|x86
		{E03C4189-CBCC-4A6F-9260-99314E341F3F}.Release|Mixed Platforms.ActiveCfg = Release|x86
		{E03C4189-CBCC-4A6F-9260-99314E341F3F}.Release|Mixed Platforms.Build.0 = Release|x86
		{E03C4189-CBCC-4A6F-9260-99314E341F3F}.Release|x86.ActiveCfg = Release|x86
		{E03C4189-CBCC-4A6F-9260-99314E341F3F}.Release|x86.Build.0 = Release|x86
		{3332EB82-5D3D-4594-AC50-F0F97589E0C4}.Abubakr|Any CPU.ActiveCfg = Module|x86
		{3332EB82-5D3D-4594-AC50-F0F97589E0C4}.Abubakr|Mixed Platforms.ActiveCfg = Module|x86
		{3332EB82-5D3D-4594-AC50-F0F97589E0C4}.Abubakr|Mixed Platforms.Build.0 = Module|x86
		{3332EB82-5D3D-4594-AC50-F0F97589E0C4}.Abubakr|x86.ActiveCfg = Module|x86
		{3332EB82-5D3D-4594-AC50-F0F97589E0C4}.Abubakr|x86.Build.0 = Module|x86
		{3332EB82-5D3D-4594-AC50-F0F97589E0C4}.Debug|Any CPU.ActiveCfg = Debug|x86
		{3332EB82-5D3D-4594-AC50-F0F97589E0C4}.Debug|Mixed Platforms.ActiveCfg = Debug|x86
		{3332EB82-5D3D-4594-AC50-F0F97589E0C4}.Debug|Mixed Platforms.Build.0 = Debug|x86
		{3332EB82-5D3D-4594-AC50-F0F97589E0C4}.Debug|x86.ActiveCfg = Debug|x86
		{3332EB82-5D3D-4594-AC50-F0F97589E0C4}.gowad|Any CPU.ActiveCfg = Module|x86
		{3332EB82-5D3D-4594-AC50-F0F97589E0C4}.gowad|Mixed Platforms.ActiveCfg = Module|x86
		{3332EB82-5D3D-4594-AC50-F0F97589E0C4}.gowad|Mixed Platforms.Build.0 = Module|x86
		{3332EB82-5D3D-4594-AC50-F0F97589E0C4}.gowad|x86.ActiveCfg = Module|x86
		{3332EB82-5D3D-4594-AC50-F0F97589E0C4}.gowad|x86.Build.0 = Module|x86
		{3332EB82-5D3D-4594-AC50-F0F97589E0C4}.hosam|Any CPU.ActiveCfg = hsh|x86
		{3332EB82-5D3D-4594-AC50-F0F97589E0C4}.hosam|Mixed Platforms.ActiveCfg = hsh|x86
		{3332EB82-5D3D-4594-AC50-F0F97589E0C4}.hosam|Mixed Platforms.Build.0 = hsh|x86
		{3332EB82-5D3D-4594-AC50-F0F97589E0C4}.hosam|x86.ActiveCfg = hsh|x86
		{3332EB82-5D3D-4594-AC50-F0F97589E0C4}.hosam|x86.Build.0 = hsh|x86
		{3332EB82-5D3D-4594-AC50-F0F97589E0C4}.hosam1|Any CPU.ActiveCfg = hsh|x86
		{3332EB82-5D3D-4594-AC50-F0F97589E0C4}.hosam1|Mixed Platforms.ActiveCfg = hsh|x86
		{3332EB82-5D3D-4594-AC50-F0F97589E0C4}.hosam1|Mixed Platforms.Build.0 = hsh|x86
		{3332EB82-5D3D-4594-AC50-F0F97589E0C4}.hosam1|x86.ActiveCfg = hsh|x86
		{3332EB82-5D3D-4594-AC50-F0F97589E0C4}.hosam1|x86.Build.0 = hsh|x86
		{3332EB82-5D3D-4594-AC50-F0F97589E0C4}.hosam2|Any CPU.ActiveCfg = hsh|x86
		{3332EB82-5D3D-4594-AC50-F0F97589E0C4}.hosam2|Mixed Platforms.ActiveCfg = hsh|x86
		{3332EB82-5D3D-4594-AC50-F0F97589E0C4}.hosam2|Mixed Platforms.Build.0 = hsh|x86
		{3332EB82-5D3D-4594-AC50-F0F97589E0C4}.hosam2|x86.ActiveCfg = hsh|x86
		{3332EB82-5D3D-4594-AC50-F0F97589E0C4}.hosam2|x86.Build.0 = hsh|x86
		{3332EB82-5D3D-4594-AC50-F0F97589E0C4}.hosam3|Any CPU.ActiveCfg = hsh|x86
		{3332EB82-5D3D-4594-AC50-F0F97589E0C4}.hosam3|Mixed Platforms.ActiveCfg = hsh|x86
		{3332EB82-5D3D-4594-AC50-F0F97589E0C4}.hosam3|Mixed Platforms.Build.0 = hsh|x86
		{3332EB82-5D3D-4594-AC50-F0F97589E0C4}.hosam3|x86.ActiveCfg = hsh|x86
		{3332EB82-5D3D-4594-AC50-F0F97589E0C4}.hosam3|x86.Build.0 = hsh|x86
		{3332EB82-5D3D-4594-AC50-F0F97589E0C4}.hsh|Any CPU.ActiveCfg = hsh|x86
		{3332EB82-5D3D-4594-AC50-F0F97589E0C4}.hsh|Mixed Platforms.ActiveCfg = hsh|x86
		{3332EB82-5D3D-4594-AC50-F0F97589E0C4}.hsh|Mixed Platforms.Build.0 = hsh|x86
		{3332EB82-5D3D-4594-AC50-F0F97589E0C4}.hsh|x86.ActiveCfg = hsh|x86
		{3332EB82-5D3D-4594-AC50-F0F97589E0C4}.hsh|x86.Build.0 = hsh|x86
		{3332EB82-5D3D-4594-AC50-F0F97589E0C4}.Module|Any CPU.ActiveCfg = Module|x86
		{3332EB82-5D3D-4594-AC50-F0F97589E0C4}.Module|Mixed Platforms.ActiveCfg = Module|x86
		{3332EB82-5D3D-4594-AC50-F0F97589E0C4}.Module|Mixed Platforms.Build.0 = Module|x86
		{3332EB82-5D3D-4594-AC50-F0F97589E0C4}.Module|x86.ActiveCfg = Module|x86
		{3332EB82-5D3D-4594-AC50-F0F97589E0C4}.Module|x86.Build.0 = Module|x86
		{3332EB82-5D3D-4594-AC50-F0F97589E0C4}.Release|Any CPU.ActiveCfg = Release|x86
		{3332EB82-5D3D-4594-AC50-F0F97589E0C4}.Release|Mixed Platforms.ActiveCfg = Release|x86
		{3332EB82-5D3D-4594-AC50-F0F97589E0C4}.Release|Mixed Platforms.Build.0 = Release|x86
		{3332EB82-5D3D-4594-AC50-F0F97589E0C4}.Release|x86.ActiveCfg = Release|x86
		{3332EB82-5D3D-4594-AC50-F0F97589E0C4}.Release|x86.Build.0 = Release|x86
	EndGlobalSection
	GlobalSection(SolutionProperties) = preSolution
		HideSolutionNode = FALSE
	EndGlobalSection
EndGlobal
